
Microsoft Visual Studio Solution File, Format Version 12.00
# Visual Studio Version 17
VisualStudioVersion = 17.2.32602.215
MinimumVisualStudioVersion = 10.0.40219.1
Project("{FAE04EC0-301F-11D3-BF4B-00C04F79EFBC}") = "Ouzdev.DapperWithEntityFramework", "Ouzdev.DapperWithEntityFramework\Ouzdev.DapperWithEntityFramework.csproj", "{C89488DA-E645-4CCB-93E3-DCD6AF327664}"
EndProject
Global
	GlobalSection(SolutionConfigurationPlatforms) = preSolution
		Debug|Any CPU = Debug|Any CPU
		Release|Any CPU = Release|Any CPU
	EndGlobalSection
	GlobalSection(ProjectConfigurationPlatforms) = postSolution
		{C89488DA-E645-4CCB-93E3-DCD6AF327664}.Debug|Any CPU.ActiveCfg = Debug|Any CPU
		{C89488DA-E645-4CCB-93E3-DCD6AF327664}.Debug|Any CPU.Build.0 = Debug|Any CPU
		{C89488DA-E645-4CCB-93E3-DCD6AF327664}.Release|Any CPU.ActiveCfg = Release|Any CPU
		{C89488DA-E645-4CCB-93E3-DCD6AF327664}.Release|Any CPU.Build.0 = Release|Any CPU
	EndGlobalSection
	GlobalSection(SolutionProperties) = preSolution
		HideSolutionNode = FALSE
	EndGlobalSection
	GlobalSection(ExtensibilityGlobals) = postSolution
		SolutionGuid = {2AFDE2F4-2FF6-42D9-A038-CBBBF614E22C}
	EndGlobalSection
EndGlobal
